
Microsoft Visual Studio Solution File, Format Version 12.00
# Visual Studio Version 17
VisualStudioVersion = 17.2.32630.192
MinimumVisualStudioVersion = 10.0.40219.1
Project("{FAE04EC0-301F-11D3-BF4B-00C04F79EFBC}") = "day3UC", "day3UC.csproj", "{CA59E387-160D-4115-9D8D-9A745BFC5736}"
EndProject
Global
	GlobalSection(SolutionConfigurationPlatforms) = preSolution
		Debug|Any CPU = Debug|Any CPU
		Release|Any CPU = Release|Any CPU
	EndGlobalSection
	GlobalSection(ProjectConfigurationPlatforms) = postSolution
		{CA59E387-160D-4115-9D8D-9A745BFC5736}.Debug|Any CPU.ActiveCfg = Debug|Any CPU
		{CA59E387-160D-4115-9D8D-9A745BFC5736}.Debug|Any CPU.Build.0 = Debug|Any CPU
		{CA59E387-160D-4115-9D8D-9A745BFC5736}.Release|Any CPU.ActiveCfg = Release|Any CPU
		{CA59E387-160D-4115-9D8D-9A745BFC5736}.Release|Any CPU.Build.0 = Release|Any CPU
	EndGlobalSection
	GlobalSection(SolutionProperties) = preSolution
		HideSolutionNode = FALSE
	EndGlobalSection
	GlobalSection(ExtensibilityGlobals) = postSolution
		SolutionGuid = {A948FB06-959C-4E11-84A2-687C8C11712F}
	EndGlobalSection
EndGlobal
